{
  "name": "supportbank",
  "version": "1.0.0",
  "lockfileVersion": 1,
  "requires": true,
  "dependencies": {
    "csv-parse": {
      "version": "5.0.4",
      "resolved": "https://registry.npmjs.org/csv-parse/-/csv-parse-5.0.4.tgz",
      "integrity": "sha512-5AIdl8l6n3iYQYxan5djB5eKDa+vBnhfWZtRpJTcrETWfVLYN0WSj3L9RwvgYt+psoO77juUr8TG8qpfGZifVQ=="
    },
    "csv-parser": {
      "version": "3.0.0",
      "resolved": "https://registry.npmjs.org/csv-parser/-/csv-parser-3.0.0.tgz",
      "integrity": "sha512-s6OYSXAK3IdKqYO33y09jhypG/bSDHPuyCme/IdEHfWpLf/jKcpitVFyOC6UemgGk8v7Q5u2XE0vvwmanxhGlQ==",
      "requires": {
        "minimist": "^1.2.0"
      }
    },
    "minimist": {
      "version": "1.2.6",
      "resolved": "https://registry.npmjs.org/minimist/-/minimist-1.2.6.tgz",
      "integrity": "sha512-Jsjnk4bw3YJqYzbdyBiNsPWHPfO++UGG749Cxs6peCu5Xg4nrena6OVxOYxrQTqww0Jmwt+Ref8rggumkTLz9Q=="
    },
    "moment": {
      "version": "2.29.3",
      "resolved": "https://registry.npmjs.org/moment/-/moment-2.29.3.tgz",
      "integrity": "sha512-c6YRvhEo//6T2Jz/vVtYzqBzwvPT95JBQ+smCytzf7c50oMZRsR/a4w88aD34I+/QVSfnoAnSBFPJHItlOMJVw=="
    },
    "readline-sync": {
      "version": "1.4.10",
      "resolved": "https://registry.npmjs.org/readline-sync/-/readline-sync-1.4.10.tgz",
      "integrity": "sha512-gNva8/6UAe8QYepIQH/jQ2qn91Qj0B9sYjMBBs3QOB8F2CXcKgLxQaJRP76sWVRQt+QU+8fAkCbCvjjMFu7Ycw=="
    }
  }
}
